
Microsoft Visual Studio Solution File, Format Version 12.00
# Visual Studio 15
VisualStudioVersion = 15.0.27703.2026
MinimumVisualStudioVersion = 10.0.40219.1
Project("{FAE04EC0-301F-11D3-BF4B-00C04F79EFBC}") = "BaseConversions", "BaseConversions\BaseConversions.csproj", "{BA3F6DE1-6E99-4B07-A755-969E367C7302}"
EndProject
Global
	GlobalSection(SolutionConfigurationPlatforms) = preSolution
		Debug|Any CPU = Debug|Any CPU
		Release|Any CPU = Release|Any CPU
	EndGlobalSection
	GlobalSection(ProjectConfigurationPlatforms) = postSolution
		{BA3F6DE1-6E99-4B07-A755-969E367C7302}.Debug|Any CPU.ActiveCfg = Debug|Any CPU
		{BA3F6DE1-6E99-4B07-A755-969E367C7302}.Debug|Any CPU.Build.0 = Debug|Any CPU
		{BA3F6DE1-6E99-4B07-A755-969E367C7302}.Release|Any CPU.ActiveCfg = Release|Any CPU
		{BA3F6DE1-6E99-4B07-A755-969E367C7302}.Release|Any CPU.Build.0 = Release|Any CPU
	EndGlobalSection
	GlobalSection(SolutionProperties) = preSolution
		HideSolutionNode = FALSE
	EndGlobalSection
	GlobalSection(ExtensibilityGlobals) = postSolution
		SolutionGuid = {108AB7A7-0253-4AC9-B6DA-1A69E6B9CB43}
	EndGlobalSection
EndGlobal
